// !$*UTF8*$!
{
	archiveVersion = 1;
	classes = {
	};
	objectVersion = 55;
	objects = {

/* Begin PBXBuildFile section */
		DF55F918281F9CE10082D982 /* StoryModel.swift in Sources */ = {isa = PBXBuildFile; fileRef = DF55F917281F9CE10082D982 /* StoryModel.swift */; };
		DF55F91A281F9F320082D982 /* StoryArray.swift in Sources */ = {isa = PBXBuildFile; fileRef = DF55F919281F9F320082D982 /* StoryArray.swift */; };
		DF55F91C2820A0830082D982 /* FavButton.swift in Sources */ = {isa = PBXBuildFile; fileRef = DF55F91B2820A0830082D982 /* FavButton.swift */; };
		DF5EF874281675EA00CAC5E7 /* ShowMyAcademyHistoryAppApp.swift in Sources */ = {isa = PBXBuildFile; fileRef = DF5EF873281675EA00CAC5E7 /* ShowMyAcademyHistoryAppApp.swift */; };
		DF5EF876281675EA00CAC5E7 /* ContentView.swift in Sources */ = {isa = PBXBuildFile; fileRef = DF5EF875281675EA00CAC5E7 /* ContentView.swift */; };
		DF5EF878281675EC00CAC5E7 /* Assets.xcassets in Resources */ = {isa = PBXBuildFile; fileRef = DF5EF877281675EC00CAC5E7 /* Assets.xcassets */; };
		DF5EF87B281675EC00CAC5E7 /* Preview Assets.xcassets in Resources */ = {isa = PBXBuildFile; fileRef = DF5EF87A281675EC00CAC5E7 /* Preview Assets.xcassets */; };
		DF5EF880281675EC00CAC5E7 /* ShowMyAcademyHistoryApp.xcdatamodeld in Sources */ = {isa = PBXBuildFile; fileRef = DF5EF87E281675EC00CAC5E7 /* ShowMyAcademyHistoryApp.xcdatamodeld */; };
		DF5EF88A281675EC00CAC5E7 /* ShowMyAcademyHistoryAppTests.swift in Sources */ = {isa = PBXBuildFile; fileRef = DF5EF889281675EC00CAC5E7 /* ShowMyAcademyHistoryAppTests.swift */; };
		DF5EF894281675EC00CAC5E7 /* ShowMyAcademyHistoryAppUITests.swift in Sources */ = {isa = PBXBuildFile; fileRef = DF5EF893281675EC00CAC5E7 /* ShowMyAcademyHistoryAppUITests.swift */; };
		DF5EF896281675EC00CAC5E7 /* ShowMyAcademyHistoryAppUITestsLaunchTests.swift in Sources */ = {isa = PBXBuildFile; fileRef = DF5EF895281675EC00CAC5E7 /* ShowMyAcademyHistoryAppUITestsLaunchTests.swift */; };
		DFB8719B281BD9520069DCAB /* RectangleCard.swift in Sources */ = {isa = PBXBuildFile; fileRef = DFB8719A281BD9520069DCAB /* RectangleCard.swift */; };
		DFBA3475281BD085007CF176 /* ShowListView.swift in Sources */ = {isa = PBXBuildFile; fileRef = DFBA3474281BD085007CF176 /* ShowListView.swift */; };
		DFBA3477281BD1A6007CF176 /* MyStoryView.swift in Sources */ = {isa = PBXBuildFile; fileRef = DFBA3476281BD1A6007CF176 /* MyStoryView.swift */; };
		DFBA347A281BD4C0007CF176 /* StoryDetailView.swift in Sources */ = {isa = PBXBuildFile; fileRef = DFBA3479281BD4C0007CF176 /* StoryDetailView.swift */; };
		DFE79895281E281D00B4C4F5 /* WriteStoryView.swift in Sources */ = {isa = PBXBuildFile; fileRef = DFE79894281E281D00B4C4F5 /* WriteStoryView.swift */; };
		DFE79897281E2CEC00B4C4F5 /* DataController.swift in Sources */ = {isa = PBXBuildFile; fileRef = DFE79896281E2CEC00B4C4F5 /* DataController.swift */; };
/* End PBXBuildFile section */

/* Begin PBXContainerItemProxy section */
		DF5EF886281675EC00CAC5E7 /* PBXContainerItemProxy */ = {
			isa = PBXContainerItemProxy;
			containerPortal = DF5EF868281675EA00CAC5E7 /* Project object */;
			proxyType = 1;
			remoteGlobalIDString = DF5EF86F281675EA00CAC5E7;
			remoteInfo = ShowMyAcademyHistoryApp;
		};
		DF5EF890281675EC00CAC5E7 /* PBXContainerItemProxy */ = {
			isa = PBXContainerItemProxy;
			containerPortal = DF5EF868281675EA00CAC5E7 /* Project object */;
			proxyType = 1;
			remoteGlobalIDString = DF5EF86F281675EA00CAC5E7;
			remoteInfo = ShowMyAcademyHistoryApp;
		};
/* End PBXContainerItemProxy section */

/* Begin PBXFileReference section */
		DF55F917281F9CE10082D982 /* StoryModel.swift */ = {isa = PBXFileReference; lastKnownFileType = sourcecode.swift; path = StoryModel.swift; sourceTree = "<group>"; };
		DF55F919281F9F320082D982 /* StoryArray.swift */ = {isa = PBXFileReference; lastKnownFileType = sourcecode.swift; path = StoryArray.swift; sourceTree = "<group>"; };
		DF55F91B2820A0830082D982 /* FavButton.swift */ = {isa = PBXFileReference; lastKnownFileType = sourcecode.swift; path = FavButton.swift; sourceTree = "<group>"; };
		DF5EF870281675EA00CAC5E7 /* ShowMyAcademyHistoryApp.app */ = {isa = PBXFileReference; explicitFileType = wrapper.application; includeInIndex = 0; path = ShowMyAcademyHistoryApp.app; sourceTree = BUILT_PRODUCTS_DIR; };
		DF5EF873281675EA00CAC5E7 /* ShowMyAcademyHistoryAppApp.swift */ = {isa = PBXFileReference; lastKnownFileType = sourcecode.swift; path = ShowMyAcademyHistoryAppApp.swift; sourceTree = "<group>"; };
		DF5EF875281675EA00CAC5E7 /* ContentView.swift */ = {isa = PBXFileReference; lastKnownFileType = sourcecode.swift; path = ContentView.swift; sourceTree = "<group>"; };
		DF5EF877281675EC00CAC5E7 /* Assets.xcassets */ = {isa = PBXFileReference; lastKnownFileType = folder.assetcatalog; path = Assets.xcassets; sourceTree = "<group>"; };
		DF5EF87A281675EC00CAC5E7 /* Preview Assets.xcassets */ = {isa = PBXFileReference; lastKnownFileType = folder.assetcatalog; path = "Preview Assets.xcassets"; sourceTree = "<group>"; };
		DF5EF87F281675EC00CAC5E7 /* ShowMyAcademyHistoryApp.xcdatamodel */ = {isa = PBXFileReference; lastKnownFileType = wrapper.xcdatamodel; path = ShowMyAcademyHistoryApp.xcdatamodel; sourceTree = "<group>"; };
		DF5EF885281675EC00CAC5E7 /* ShowMyAcademyHistoryAppTests.xctest */ = {isa = PBXFileReference; explicitFileType = wrapper.cfbundle; includeInIndex = 0; path = ShowMyAcademyHistoryAppTests.xctest; sourceTree = BUILT_PRODUCTS_DIR; };
		DF5EF889281675EC00CAC5E7 /* ShowMyAcademyHistoryAppTests.swift */ = {isa = PBXFileReference; lastKnownFileType = sourcecode.swift; path = ShowMyAcademyHistoryAppTests.swift; sourceTree = "<group>"; };
		DF5EF88F281675EC00CAC5E7 /* ShowMyAcademyHistoryAppUITests.xctest */ = {isa = PBXFileReference; explicitFileType = wrapper.cfbundle; includeInIndex = 0; path = ShowMyAcademyHistoryAppUITests.xctest; sourceTree = BUILT_PRODUCTS_DIR; };
		DF5EF893281675EC00CAC5E7 /* ShowMyAcademyHistoryAppUITests.swift */ = {isa = PBXFileReference; lastKnownFileType = sourcecode.swift; path = ShowMyAcademyHistoryAppUITests.swift; sourceTree = "<group>"; };
		DF5EF895281675EC00CAC5E7 /* ShowMyAcademyHistoryAppUITestsLaunchTests.swift */ = {isa = PBXFileReference; lastKnownFileType = sourcecode.swift; path = ShowMyAcademyHistoryAppUITestsLaunchTests.swift; sourceTree = "<group>"; };
		DFB8719A281BD9520069DCAB /* RectangleCard.swift */ = {isa = PBXFileReference; lastKnownFileType = sourcecode.swift; path = RectangleCard.swift; sourceTree = "<group>"; };
		DFBA3474281BD085007CF176 /* ShowListView.swift */ = {isa = PBXFileReference; lastKnownFileType = sourcecode.swift; path = ShowListView.swift; sourceTree = "<group>"; };
		DFBA3476281BD1A6007CF176 /* MyStoryView.swift */ = {isa = PBXFileReference; lastKnownFileType = sourcecode.swift; path = MyStoryView.swift; sourceTree = "<group>"; };
		DFBA3479281BD4C0007CF176 /* StoryDetailView.swift */ = {isa = PBXFileReference; lastKnownFileType = sourcecode.swift; path = StoryDetailView.swift; sourceTree = "<group>"; };
		DFE79894281E281D00B4C4F5 /* WriteStoryView.swift */ = {isa = PBXFileReference; lastKnownFileType = sourcecode.swift; path = WriteStoryView.swift; sourceTree = "<group>"; };
		DFE79896281E2CEC00B4C4F5 /* DataController.swift */ = {isa = PBXFileReference; lastKnownFileType = sourcecode.swift; path = DataController.swift; sourceTree = "<group>"; };
/* End PBXFileReference section */

/* Begin PBXFrameworksBuildPhase section */
		DF5EF86D281675EA00CAC5E7 /* Frameworks */ = {
			isa = PBXFrameworksBuildPhase;
			buildActionMask = 2147483647;
			files = (
			);
			runOnlyForDeploymentPostprocessing = 0;
		};
		DF5EF882281675EC00CAC5E7 /* Frameworks */ = {
			isa = PBXFrameworksBuildPhase;
			buildActionMask = 2147483647;
			files = (
			);
			runOnlyForDeploymentPostprocessing = 0;
		};
		DF5EF88C281675EC00CAC5E7 /* Frameworks */ = {
			isa = PBXFrameworksBuildPhase;
			buildActionMask = 2147483647;
			files = (
			);
			runOnlyForDeploymentPostprocessing = 0;
		};
/* End PBXFrameworksBuildPhase section */

/* Begin PBXGroup section */
		DF55F915281ECDE60082D982 /* Data */ = {
			isa = PBXGroup;
			children = (
				DFE79896281E2CEC00B4C4F5 /* DataController.swift */,
				DF5EF87E281675EC00CAC5E7 /* ShowMyAcademyHistoryApp.xcdatamodeld */,
			);
			path = Data;
			sourceTree = "<group>";
		};
		DF55F916281F9CCF0082D982 /* Model */ = {
			isa = PBXGroup;
			children = (
				DF55F917281F9CE10082D982 /* StoryModel.swift */,
				DF55F919281F9F320082D982 /* StoryArray.swift */,
			);
			path = Model;
			sourceTree = "<group>";
		};
		DF5EF867281675EA00CAC5E7 = {
			isa = PBXGroup;
			children = (
				DF5EF872281675EA00CAC5E7 /* ShowMyAcademyHistoryApp */,
				DF5EF888281675EC00CAC5E7 /* ShowMyAcademyHistoryAppTests */,
				DF5EF892281675EC00CAC5E7 /* ShowMyAcademyHistoryAppUITests */,
				DF5EF871281675EA00CAC5E7 /* Products */,
			);
			sourceTree = "<group>";
		};
		DF5EF871281675EA00CAC5E7 /* Products */ = {
			isa = PBXGroup;
			children = (
				DF5EF870281675EA00CAC5E7 /* ShowMyAcademyHistoryApp.app */,
				DF5EF885281675EC00CAC5E7 /* ShowMyAcademyHistoryAppTests.xctest */,
				DF5EF88F281675EC00CAC5E7 /* ShowMyAcademyHistoryAppUITests.xctest */,
			);
			name = Products;
			sourceTree = "<group>";
		};
		DF5EF872281675EA00CAC5E7 /* ShowMyAcademyHistoryApp */ = {
			isa = PBXGroup;
			children = (
				DF5EF873281675EA00CAC5E7 /* ShowMyAcademyHistoryAppApp.swift */,
				DF5EF875281675EA00CAC5E7 /* ContentView.swift */,
				DF55F916281F9CCF0082D982 /* Model */,
				DF55F915281ECDE60082D982 /* Data */,
				DFBA3478281BD1BA007CF176 /* View */,
				DFBA347C281BD8D5007CF176 /* Card */,
				DF5EF877281675EC00CAC5E7 /* Assets.xcassets */,
				DF5EF879281675EC00CAC5E7 /* Preview Content */,
			);
			path = ShowMyAcademyHistoryApp;
			sourceTree = "<group>";
		};
		DF5EF879281675EC00CAC5E7 /* Preview Content */ = {
			isa = PBXGroup;
			children = (
				DF5EF87A281675EC00CAC5E7 /* Preview Assets.xcassets */,
			);
			path = "Preview Content";
			sourceTree = "<group>";
		};
		DF5EF888281675EC00CAC5E7 /* ShowMyAcademyHistoryAppTests */ = {
			isa = PBXGroup;
			children = (
				DF5EF889281675EC00CAC5E7 /* ShowMyAcademyHistoryAppTests.swift */,
			);
			path = ShowMyAcademyHistoryAppTests;
			sourceTree = "<group>";
		};
		DF5EF892281675EC00CAC5E7 /* ShowMyAcademyHistoryAppUITests */ = {
			isa = PBXGroup;
			children = (
				DF5EF893281675EC00CAC5E7 /* ShowMyAcademyHistoryAppUITests.swift */,
				DF5EF895281675EC00CAC5E7 /* ShowMyAcademyHistoryAppUITestsLaunchTests.swift */,
			);
			path = ShowMyAcademyHistoryAppUITests;
			sourceTree = "<group>";
		};
		DFBA3478281BD1BA007CF176 /* View */ = {
			isa = PBXGroup;
			children = (
				DFBA3474281BD085007CF176 /* ShowListView.swift */,
				DFBA3479281BD4C0007CF176 /* StoryDetailView.swift */,
				DFBA3476281BD1A6007CF176 /* MyStoryView.swift */,
				DFE79894281E281D00B4C4F5 /* WriteStoryView.swift */,
			);
			path = View;
			sourceTree = "<group>";
		};
		DFBA347C281BD8D5007CF176 /* Card */ = {
			isa = PBXGroup;
			children = (
				DFB8719A281BD9520069DCAB /* RectangleCard.swift */,
				DF55F91B2820A0830082D982 /* FavButton.swift */,
			);
			path = Card;
			sourceTree = "<group>";
		};
/* End PBXGroup section */

/* Begin PBXNativeTarget section */
		DF5EF86F281675EA00CAC5E7 /* ShowMyAcademyHistoryApp */ = {
			isa = PBXNativeTarget;
			buildConfigurationList = DF5EF899281675EC00CAC5E7 /* Build configuration list for PBXNativeTarget "ShowMyAcademyHistoryApp" */;
			buildPhases = (
				DF5EF86C281675EA00CAC5E7 /* Sources */,
				DF5EF86D281675EA00CAC5E7 /* Frameworks */,
				DF5EF86E281675EA00CAC5E7 /* Resources */,
			);
			buildRules = (
			);
			dependencies = (
			);
			name = ShowMyAcademyHistoryApp;
			productName = ShowMyAcademyHistoryApp;
			productReference = DF5EF870281675EA00CAC5E7 /* ShowMyAcademyHistoryApp.app */;
			productType = "com.apple.product-type.application";
		};
		DF5EF884281675EC00CAC5E7 /* ShowMyAcademyHistoryAppTests */ = {
			isa = PBXNativeTarget;
			buildConfigurationList = DF5EF89C281675EC00CAC5E7 /* Build configuration list for PBXNativeTarget "ShowMyAcademyHistoryAppTests" */;
			buildPhases = (
				DF5EF881281675EC00CAC5E7 /* Sources */,
				DF5EF882281675EC00CAC5E7 /* Frameworks */,
				DF5EF883281675EC00CAC5E7 /* Resources */,
			);
			buildRules = (
			);
			dependencies = (
				DF5EF887281675EC00CAC5E7 /* PBXTargetDependency */,
			);
			name = ShowMyAcademyHistoryAppTests;
			productName = ShowMyAcademyHistoryAppTests;
			productReference = DF5EF885281675EC00CAC5E7 /* ShowMyAcademyHistoryAppTests.xctest */;
			productType = "com.apple.product-type.bundle.unit-test";
		};
		DF5EF88E281675EC00CAC5E7 /* ShowMyAcademyHistoryAppUITests */ = {
			isa = PBXNativeTarget;
			buildConfigurationList = DF5EF89F281675EC00CAC5E7 /* Build configuration list for PBXNativeTarget "ShowMyAcademyHistoryAppUITests" */;
			buildPhases = (
				DF5EF88B281675EC00CAC5E7 /* Sources */,
				DF5EF88C281675EC00CAC5E7 /* Frameworks */,
				DF5EF88D281675EC00CAC5E7 /* Resources */,
			);
			buildRules = (
			);
			dependencies = (
				DF5EF891281675EC00CAC5E7 /* PBXTargetDependency */,
			);
			name = ShowMyAcademyHistoryAppUITests;
			productName = ShowMyAcademyHistoryAppUITests;
			productReference = DF5EF88F281675EC00CAC5E7 /* ShowMyAcademyHistoryAppUITests.xctest */;
			productType = "com.apple.product-type.bundle.ui-testing";
		};
/* End PBXNativeTarget section */

/* Begin PBXProject section */
		DF5EF868281675EA00CAC5E7 /* Project object */ = {
			isa = PBXProject;
			attributes = {
				BuildIndependentTargetsInParallel = 1;
				LastSwiftUpdateCheck = 1330;
				LastUpgradeCheck = 1330;
				TargetAttributes = {
					DF5EF86F281675EA00CAC5E7 = {
						CreatedOnToolsVersion = 13.3.1;
					};
					DF5EF884281675EC00CAC5E7 = {
						CreatedOnToolsVersion = 13.3.1;
						TestTargetID = DF5EF86F281675EA00CAC5E7;
					};
					DF5EF88E281675EC00CAC5E7 = {
						CreatedOnToolsVersion = 13.3.1;
						TestTargetID = DF5EF86F281675EA00CAC5E7;
					};
				};
			};
			buildConfigurationList = DF5EF86B281675EA00CAC5E7 /* Build configuration list for PBXProject "ShowMyAcademyHistoryApp" */;
			compatibilityVersion = "Xcode 13.0";
			developmentRegion = en;
			hasScannedForEncodings = 0;
			knownRegions = (
				en,
				Base,
			);
			mainGroup = DF5EF867281675EA00CAC5E7;
			productRefGroup = DF5EF871281675EA00CAC5E7 /* Products */;
			projectDirPath = "";
			projectRoot = "";
			targets = (
				DF5EF86F281675EA00CAC5E7 /* ShowMyAcademyHistoryApp */,
				DF5EF884281675EC00CAC5E7 /* ShowMyAcademyHistoryAppTests */,
				DF5EF88E281675EC00CAC5E7 /* ShowMyAcademyHistoryAppUITests */,
			);
		};
/* End PBXProject section */

/* Begin PBXResourcesBuildPhase section */
		DF5EF86E281675EA00CAC5E7 /* Resources */ = {
			isa = PBXResourcesBuildPhase;
			buildActionMask = 2147483647;
			files = (
				DF5EF87B281675EC00CAC5E7 /* Preview Assets.xcassets in Resources */,
				DF5EF878281675EC00CAC5E7 /* Assets.xcassets in Resources */,
			);
			runOnlyForDeploymentPostprocessing = 0;
		};
		DF5EF883281675EC00CAC5E7 /* Resources */ = {
			isa = PBXResourcesBuildPhase;
			buildActionMask = 2147483647;
			files = (
			);
			runOnlyForDeploymentPostprocessing = 0;
		};
		DF5EF88D281675EC00CAC5E7 /* Resources */ = {
			isa = PBXResourcesBuildPhase;
			buildActionMask = 2147483647;
			files = (
			);
			runOnlyForDeploymentPostprocessing = 0;
		};
/* End PBXResourcesBuildPhase section */

/* Begin PBXSourcesBuildPhase section */
		DF5EF86C281675EA00CAC5E7 /* Sources */ = {
			isa = PBXSourcesBuildPhase;
			buildActionMask = 2147483647;
			files = (
				DFBA3475281BD085007CF176 /* ShowListView.swift in Sources */,
				DF5EF876281675EA00CAC5E7 /* ContentView.swift in Sources */,
				DFE79895281E281D00B4C4F5 /* WriteStoryView.swift in Sources */,
				DFE79897281E2CEC00B4C4F5 /* DataController.swift in Sources */,
				DFBA347A281BD4C0007CF176 /* StoryDetailView.swift in Sources */,
				DFBA3477281BD1A6007CF176 /* MyStoryView.swift in Sources */,
				DF5EF880281675EC00CAC5E7 /* ShowMyAcademyHistoryApp.xcdatamodeld in Sources */,
				DFB8719B281BD9520069DCAB /* RectangleCard.swift in Sources */,
				DF5EF874281675EA00CAC5E7 /* ShowMyAcademyHistoryAppApp.swift in Sources */,
				DF55F918281F9CE10082D982 /* StoryModel.swift in Sources */,
				DF55F91A281F9F320082D982 /* StoryArray.swift in Sources */,
				DF55F91C2820A0830082D982 /* FavButton.swift in Sources */,
			);
			runOnlyForDeploymentPostprocessing = 0;
		};
		DF5EF881281675EC00CAC5E7 /* Sources */ = {
			isa = PBXSourcesBuildPhase;
			buildActionMask = 2147483647;
			files = (
				DF5EF88A281675EC00CAC5E7 /* ShowMyAcademyHistoryAppTests.swift in Sources */,
			);
			runOnlyForDeploymentPostprocessing = 0;
		};
		DF5EF88B281675EC00CAC5E7 /* Sources */ = {
			isa = PBXSourcesBuildPhase;
			buildActionMask = 2147483647;
			files = (
				DF5EF894281675EC00CAC5E7 /* ShowMyAcademyHistoryAppUITests.swift in Sources */,
				DF5EF896281675EC00CAC5E7 /* ShowMyAcademyHistoryAppUITestsLaunchTests.swift in Sources */,
			);
			runOnlyForDeploymentPostprocessing = 0;
		};
/* End PBXSourcesBuildPhase section */

/* Begin PBXTargetDependency section */
		DF5EF887281675EC00CAC5E7 /* PBXTargetDependency */ = {
			isa = PBXTargetDependency;
			target = DF5EF86F281675EA00CAC5E7 /* ShowMyAcademyHistoryApp */;
			targetProxy = DF5EF886281675EC00CAC5E7 /* PBXContainerItemProxy */;
		};
		DF5EF891281675EC00CAC5E7 /* PBXTargetDependency */ = {
			isa = PBXTargetDependency;
			target = DF5EF86F281675EA00CAC5E7 /* ShowMyAcademyHistoryApp */;
			targetProxy = DF5EF890281675EC00CAC5E7 /* PBXContainerItemProxy */;
		};
/* End PBXTargetDependency section */

/* Begin XCBuildConfiguration section */
		DF5EF897281675EC00CAC5E7 /* Debug */ = {
			isa = XCBuildConfiguration;
			buildSettings = {
				ALWAYS_SEARCH_USER_PATHS = NO;
				CLANG_ANALYZER_NONNULL = YES;
				CLANG_ANALYZER_NUMBER_OBJECT_CONVERSION = YES_AGGRESSIVE;
				CLANG_CXX_LANGUAGE_STANDARD = "gnu++17";
				CLANG_ENABLE_MODULES = YES;
				CLANG_ENABLE_OBJC_ARC = YES;
				CLANG_ENABLE_OBJC_WEAK = YES;
				CLANG_WARN_BLOCK_CAPTURE_AUTORELEASING = YES;
				CLANG_WARN_BOOL_CONVERSION = YES;
				CLANG_WARN_COMMA = YES;
				CLANG_WARN_CONSTANT_CONVERSION = YES;
				CLANG_WARN_DEPRECATED_OBJC_IMPLEMENTATIONS = YES;
				CLANG_WARN_DIRECT_OBJC_ISA_USAGE = YES_ERROR;
				CLANG_WARN_DOCUMENTATION_COMMENTS = YES;
				CLANG_WARN_EMPTY_BODY = YES;
				CLANG_WARN_ENUM_CONVERSION = YES;
				CLANG_WARN_INFINITE_RECURSION = YES;
				CLANG_WARN_INT_CONVERSION = YES;
				CLANG_WARN_NON_LITERAL_NULL_CONVERSION = YES;
				CLANG_WARN_OBJC_IMPLICIT_RETAIN_SELF = YES;
				CLANG_WARN_OBJC_LITERAL_CONVERSION = YES;
				CLANG_WARN_OBJC_ROOT_CLASS = YES_ERROR;
				CLANG_WARN_QUOTED_INCLUDE_IN_FRAMEWORK_HEADER = YES;
				CLANG_WARN_RANGE_LOOP_ANALYSIS = YES;
				CLANG_WARN_STRICT_PROTOTYPES = YES;
				CLANG_WARN_SUSPICIOUS_MOVE = YES;
				CLANG_WARN_UNGUARDED_AVAILABILITY = YES_AGGRESSIVE;
				CLANG_WARN_UNREACHABLE_CODE = YES;
				CLANG_WARN__DUPLICATE_METHOD_MATCH = YES;
				COPY_PHASE_STRIP = NO;
				DEBUG_INFORMATION_FORMAT = dwarf;
				ENABLE_STRICT_OBJC_MSGSEND = YES;
				ENABLE_TESTABILITY = YES;
				GCC_C_LANGUAGE_STANDARD = gnu11;
				GCC_DYNAMIC_NO_PIC = NO;
				GCC_NO_COMMON_BLOCKS = YES;
				GCC_OPTIMIZATION_LEVEL = 0;
				GCC_PREPROCESSOR_DEFINITIONS = (
					"DEBUG=1",
					"$(inherited)",
				);
				GCC_WARN_64_TO_32_BIT_CONVERSION = YES;
				GCC_WARN_ABOUT_RETURN_TYPE = YES_ERROR;
				GCC_WARN_UNDECLARED_SELECTOR = YES;
				GCC_WARN_UNINITIALIZED_AUTOS = YES_AGGRESSIVE;
				GCC_WARN_UNUSED_FUNCTION = YES;
				GCC_WARN_UNUSED_VARIABLE = YES;
				IPHONEOS_DEPLOYMENT_TARGET = 15.4;
				MTL_ENABLE_DEBUG_INFO = INCLUDE_SOURCE;
				MTL_FAST_MATH = YES;
				ONLY_ACTIVE_ARCH = YES;
				SDKROOT = iphoneos;
				SWIFT_ACTIVE_COMPILATION_CONDITIONS = DEBUG;
				SWIFT_OPTIMIZATION_LEVEL = "-Onone";
			};
			name = Debug;
		};
		DF5EF898281675EC00CAC5E7 /* Release */ = {
			isa = XCBuildConfiguration;
			buildSettings = {
				ALWAYS_SEARCH_USER_PATHS = NO;
				CLANG_ANALYZER_NONNULL = YES;
				CLANG_ANALYZER_NUMBER_OBJECT_CONVERSION = YES_AGGRESSIVE;
				CLANG_CXX_LANGUAGE_STANDARD = "gnu++17";
				CLANG_ENABLE_MODULES = YES;
				CLANG_ENABLE_OBJC_ARC = YES;
				CLANG_ENABLE_OBJC_WEAK = YES;
				CLANG_WARN_BLOCK_CAPTURE_AUTORELEASING = YES;
				CLANG_WARN_BOOL_CONVERSION = YES;
				CLANG_WARN_COMMA = YES;
				CLANG_WARN_CONSTANT_CONVERSION = YES;
				CLANG_WARN_DEPRECATED_OBJC_IMPLEMENTATIONS = YES;
				CLANG_WARN_DIRECT_OBJC_ISA_USAGE = YES_ERROR;
				CLANG_WARN_DOCUMENTATION_COMMENTS = YES;
				CLANG_WARN_EMPTY_BODY = YES;
				CLANG_WARN_ENUM_CONVERSION = YES;
				CLANG_WARN_INFINITE_RECURSION = YES;
				CLANG_WARN_INT_CONVERSION = YES;
				CLANG_WARN_NON_LITERAL_NULL_CONVERSION = YES;
				CLANG_WARN_OBJC_IMPLICIT_RETAIN_SELF = YES;
				CLANG_WARN_OBJC_LITERAL_CONVERSION = YES;
				CLANG_WARN_OBJC_ROOT_CLASS = YES_ERROR;
				CLANG_WARN_QUOTED_INCLUDE_IN_FRAMEWORK_HEADER = YES;
				CLANG_WARN_RANGE_LOOP_ANALYSIS = YES;
				CLANG_WARN_STRICT_PROTOTYPES = YES;
				CLANG_WARN_SUSPICIOUS_MOVE = YES;
				CLANG_WARN_UNGUARDED_AVAILABILITY = YES_AGGRESSIVE;
				CLANG_WARN_UNREACHABLE_CODE = YES;
				CLANG_WARN__DUPLICATE_METHOD_MATCH = YES;
				COPY_PHASE_STRIP = NO;
				DEBUG_INFORMATION_FORMAT = "dwarf-with-dsym";
				ENABLE_NS_ASSERTIONS = NO;
				ENABLE_STRICT_OBJC_MSGSEND = YES;
				GCC_C_LANGUAGE_STANDARD = gnu11;
				GCC_NO_COMMON_BLOCKS = YES;
				GCC_WARN_64_TO_32_BIT_CONVERSION = YES;
				GCC_WARN_ABOUT_RETURN_TYPE = YES_ERROR;
				GCC_WARN_UNDECLARED_SELECTOR = YES;
				GCC_WARN_UNINITIALIZED_AUTOS = YES_AGGRESSIVE;
				GCC_WARN_UNUSED_FUNCTION = YES;
				GCC_WARN_UNUSED_VARIABLE = YES;
				IPHONEOS_DEPLOYMENT_TARGET = 15.4;
				MTL_ENABLE_DEBUG_INFO = NO;
				MTL_FAST_MATH = YES;
				SDKROOT = iphoneos;
				SWIFT_COMPILATION_MODE = wholemodule;
				SWIFT_OPTIMIZATION_LEVEL = "-O";
				VALIDATE_PRODUCT = YES;
			};
			name = Release;
		};
		DF5EF89A281675EC00CAC5E7 /* Debug */ = {
			isa = XCBuildConfiguration;
			buildSettings = {
				ASSETCATALOG_COMPILER_APPICON_NAME = AppIcon;
				ASSETCATALOG_COMPILER_GLOBAL_ACCENT_COLOR_NAME = AccentColor;
				CODE_SIGN_STYLE = Automatic;
				CURRENT_PROJECT_VERSION = 1;
				DEVELOPMENT_ASSET_PATHS = "\"ShowMyAcademyHistoryApp/Preview Content\"";
				ENABLE_PREVIEWS = YES;
				GENERATE_INFOPLIST_FILE = YES;
				INFOPLIST_KEY_UIApplicationSceneManifest_Generation = YES;
				INFOPLIST_KEY_UIApplicationSupportsIndirectInputEvents = YES;
				INFOPLIST_KEY_UILaunchScreen_Generation = YES;
				INFOPLIST_KEY_UISupportedInterfaceOrientations_iPad = "UIInterfaceOrientationPortrait UIInterfaceOrientationPortraitUpsideDown UIInterfaceOrientationLandscapeLeft UIInterfaceOrientationLandscapeRight";
				INFOPLIST_KEY_UISupportedInterfaceOrientations_iPhone = "UIInterfaceOrientationPortrait UIInterfaceOrientationLandscapeLeft UIInterfaceOrientationLandscapeRight";
				LD_RUNPATH_SEARCH_PATHS = (
					"$(inherited)",
					"@executable_path/Frameworks",
				);
				MARKETING_VERSION = 1.0;
				PRODUCT_BUNDLE_IDENTIFIER = ss.ShowMyAcademyHistoryApp;
				PRODUCT_NAME = "$(TARGET_NAME)";
				SWIFT_EMIT_LOC_STRINGS = YES;
				SWIFT_VERSION = 5.0;
				TARGETED_DEVICE_FAMILY = "1,2";
			};
			name = Debug;
		};
		DF5EF89B281675EC00CAC5E7 /* Release */ = {
			isa = XCBuildConfiguration;
			buildSettings = {
				ASSETCATALOG_COMPILER_APPICON_NAME = AppIcon;
				ASSETCATALOG_COMPILER_GLOBAL_ACCENT_COLOR_NAME = AccentColor;
				CODE_SIGN_STYLE = Automatic;
				CURRENT_PROJECT_VERSION = 1;
				DEVELOPMENT_ASSET_PATHS = "\"ShowMyAcademyHistoryApp/Preview Content\"";
				ENABLE_PREVIEWS = YES;
				GENERATE_INFOPLIST_FILE = YES;
				INFOPLIST_KEY_UIApplicationSceneManifest_Generation = YES;
				INFOPLIST_KEY_UIApplicationSupportsIndirectInputEvents = YES;
				INFOPLIST_KEY_UILaunchScreen_Generation = YES;
				INFOPLIST_KEY_UISupportedInterfaceOrientations_iPad = "UIInterfaceOrientationPortrait UIInterfaceOrientationPortraitUpsideDown UIInterfaceOrientationLandscapeLeft UIInterfaceOrientationLandscapeRight";
				INFOPLIST_KEY_UISupportedInterfaceOrientations_iPhone = "UIInterfaceOrientationPortrait UIInterfaceOrientationLandscapeLeft UIInterfaceOrientationLandscapeRight";
				LD_RUNPATH_SEARCH_PATHS = (
					"$(inherited)",
					"@executable_path/Frameworks",
				);
				MARKETING_VERSION = 1.0;
				PRODUCT_BUNDLE_IDENTIFIER = ss.ShowMyAcademyHistoryApp;
				PRODUCT_NAME = "$(TARGET_NAME)";
				SWIFT_EMIT_LOC_STRINGS = YES;
				SWIFT_VERSION = 5.0;
				TARGETED_DEVICE_FAMILY = "1,2";
			};
			name = Release;
		};
		DF5EF89D281675EC00CAC5E7 /* Debug */ = {
			isa = XCBuildConfiguration;
			buildSettings = {
				ALWAYS_EMBED_SWIFT_STANDARD_LIBRARIES = YES;
				BUNDLE_LOADER = "$(TEST_HOST)";
				CODE_SIGN_STYLE = Automatic;
				CURRENT_PROJECT_VERSION = 1;
				GENERATE_INFOPLIST_FILE = YES;
				IPHONEOS_DEPLOYMENT_TARGET = 15.4;
				MARKETING_VERSION = 1.0;
				PRODUCT_BUNDLE_IDENTIFIER = ss.ShowMyAcademyHistoryAppTests;
				PRODUCT_NAME = "$(TARGET_NAME)";
				SWIFT_EMIT_LOC_STRINGS = NO;
				SWIFT_VERSION = 5.0;
				TARGETED_DEVICE_FAMILY = "1,2";
				TEST_HOST = "$(BUILT_PRODUCTS_DIR)/ShowMyAcademyHistoryApp.app/ShowMyAcademyHistoryApp";
			};
			name = Debug;
		};
		DF5EF89E281675EC00CAC5E7 /* Release */ = {
			isa = XCBuildConfiguration;
			buildSettings = {
				ALWAYS_EMBED_SWIFT_STANDARD_LIBRARIES = YES;
				BUNDLE_LOADER = "$(TEST_HOST)";
				CODE_SIGN_STYLE = Automatic;
				CURRENT_PROJECT_VERSION = 1;
				GENERATE_INFOPLIST_FILE = YES;
				IPHONEOS_DEPLOYMENT_TARGET = 15.4;
				MARKETING_VERSION = 1.0;
				PRODUCT_BUNDLE_IDENTIFIER = ss.ShowMyAcademyHistoryAppTests;
				PRODUCT_NAME = "$(TARGET_NAME)";
				SWIFT_EMIT_LOC_STRINGS = NO;
				SWIFT_VERSION = 5.0;
				TARGETED_DEVICE_FAMILY = "1,2";
				TEST_HOST = "$(BUILT_PRODUCTS_DIR)/ShowMyAcademyHistoryApp.app/ShowMyAcademyHistoryApp";
			};
			name = Release;
		};
		DF5EF8A0281675EC00CAC5E7 /* Debug */ = {
			isa = XCBuildConfiguration;
			buildSettings = {
				ALWAYS_EMBED_SWIFT_STANDARD_LIBRARIES = YES;
				CODE_SIGN_STYLE = Automatic;
				CURRENT_PROJECT_VERSION = 1;
				GENERATE_INFOPLIST_FILE = YES;
				MARKETING_VERSION = 1.0;
				PRODUCT_BUNDLE_IDENTIFIER = ss.ShowMyAcademyHistoryAppUITests;
				PRODUCT_NAME = "$(TARGET_NAME)";
				SWIFT_EMIT_LOC_STRINGS = NO;
				SWIFT_VERSION = 5.0;
				TARGETED_DEVICE_FAMILY = "1,2";
				TEST_TARGET_NAME = ShowMyAcademyHistoryApp;
			};
			name = Debug;
		};
		DF5EF8A1281675EC00CAC5E7 /* Release */ = {
			isa = XCBuildConfiguration;
			buildSettings = {
				ALWAYS_EMBED_SWIFT_STANDARD_LIBRARIES = YES;
				CODE_SIGN_STYLE = Automatic;
				CURRENT_PROJECT_VERSION = 1;
				GENERATE_INFOPLIST_FILE = YES;
				MARKETING_VERSION = 1.0;
				PRODUCT_BUNDLE_IDENTIFIER = ss.ShowMyAcademyHistoryAppUITests;
				PRODUCT_NAME = "$(TARGET_NAME)";
				SWIFT_EMIT_LOC_STRINGS = NO;
				SWIFT_VERSION = 5.0;
				TARGETED_DEVICE_FAMILY = "1,2";
				TEST_TARGET_NAME = ShowMyAcademyHistoryApp;
			};
			name = Release;
		};
/* End XCBuildConfiguration section */

/* Begin XCConfigurationList section */
		DF5EF86B281675EA00CAC5E7 /* Build configuration list for PBXProject "ShowMyAcademyHistoryApp" */ = {
			isa = XCConfigurationList;
			buildConfigurations = (
				DF5EF897281675EC00CAC5E7 /* Debug */,
				DF5EF898281675EC00CAC5E7 /* Release */,
			);
			defaultConfigurationIsVisible = 0;
			defaultConfigurationName = Release;
		};
		DF5EF899281675EC00CAC5E7 /* Build configuration list for PBXNativeTarget "ShowMyAcademyHistoryApp" */ = {
			isa = XCConfigurationList;
			buildConfigurations = (
				DF5EF89A281675EC00CAC5E7 /* Debug */,
				DF5EF89B281675EC00CAC5E7 /* Release */,
			);
			defaultConfigurationIsVisible = 0;
			defaultConfigurationName = Release;
		};
		DF5EF89C281675EC00CAC5E7 /* Build configuration list for PBXNativeTarget "ShowMyAcademyHistoryAppTests" */ = {
			isa = XCConfigurationList;
			buildConfigurations = (
				DF5EF89D281675EC00CAC5E7 /* Debug */,
				DF5EF89E281675EC00CAC5E7 /* Release */,
			);
			defaultConfigurationIsVisible = 0;
			defaultConfigurationName = Release;
		};
		DF5EF89F281675EC00CAC5E7 /* Build configuration list for PBXNativeTarget "ShowMyAcademyHistoryAppUITests" */ = {
			isa = XCConfigurationList;
			buildConfigurations = (
				DF5EF8A0281675EC00CAC5E7 /* Debug */,
				DF5EF8A1281675EC00CAC5E7 /* Release */,
			);
			defaultConfigurationIsVisible = 0;
			defaultConfigurationName = Release;
		};
/* End XCConfigurationList section */

/* Begin XCVersionGroup section */
		DF5EF87E281675EC00CAC5E7 /* ShowMyAcademyHistoryApp.xcdatamodeld */ = {
			isa = XCVersionGroup;
			children = (
				DF5EF87F281675EC00CAC5E7 /* ShowMyAcademyHistoryApp.xcdatamodel */,
			);
			currentVersion = DF5EF87F281675EC00CAC5E7 /* ShowMyAcademyHistoryApp.xcdatamodel */;
			path = ShowMyAcademyHistoryApp.xcdatamodeld;
			sourceTree = "<group>";
			versionGroupType = wrapper.xcdatamodel;
		};
/* End XCVersionGroup section */
	};
	rootObject = DF5EF868281675EA00CAC5E7 /* Project object */;
}
